// !$*UTF8*$!
{
	archiveVersion = 1;
	classes = {
	};
	objectVersion = 50;
	objects = {

/* Begin PBXBuildFile section */
		3F861AD927150CD200FC7373 /* AppDelegate.swift in Sources */ = {isa = PBXBuildFile; fileRef = 3F861AD827150CD200FC7373 /* AppDelegate.swift */; };
		3F861ADB27150CD200FC7373 /* SceneDelegate.swift in Sources */ = {isa = PBXBuildFile; fileRef = 3F861ADA27150CD200FC7373 /* SceneDelegate.swift */; };
		3F861ADD27150CD200FC7373 /* ViewController.swift in Sources */ = {isa = PBXBuildFile; fileRef = 3F861ADC27150CD200FC7373 /* ViewController.swift */; };
		3F861AE027150CD200FC7373 /* Main.storyboard in Resources */ = {isa = PBXBuildFile; fileRef = 3F861ADE27150CD200FC7373 /* Main.storyboard */; };
		3F861AE227150CDD00FC7373 /* Assets.xcassets in Resources */ = {isa = PBXBuildFile; fileRef = 3F861AE127150CDD00FC7373 /* Assets.xcassets */; };
		3F861AE527150CDD00FC7373 /* LaunchScreen.storyboard in Resources */ = {isa = PBXBuildFile; fileRef = 3F861AE327150CDD00FC7373 /* LaunchScreen.storyboard */; };
		3F861AF027150CDE00FC7373 /* Meli1Tests.swift in Sources */ = {isa = PBXBuildFile; fileRef = 3F861AEF27150CDE00FC7373 /* Meli1Tests.swift */; };
		3F861AFB27150CDE00FC7373 /* Meli1UITests.swift in Sources */ = {isa = PBXBuildFile; fileRef = 3F861AFA27150CDE00FC7373 /* Meli1UITests.swift */; };
/* End PBXBuildFile section */

/* Begin PBXContainerItemProxy section */
		3F861AEC27150CDE00FC7373 /* PBXContainerItemProxy */ = {
			isa = PBXContainerItemProxy;
			containerPortal = 3F861ACD27150CD200FC7373 /* Project object */;
			proxyType = 1;
			remoteGlobalIDString = 3F861AD427150CD200FC7373;
			remoteInfo = Meli1;
		};
		3F861AF727150CDE00FC7373 /* PBXContainerItemProxy */ = {
			isa = PBXContainerItemProxy;
			containerPortal = 3F861ACD27150CD200FC7373 /* Project object */;
			proxyType = 1;
			remoteGlobalIDString = 3F861AD427150CD200FC7373;
			remoteInfo = Meli1;
		};
/* End PBXContainerItemProxy section */

/* Begin PBXFileReference section */
		3F861AD527150CD200FC7373 /* Meli1.app */ = {isa = PBXFileReference; explicitFileType = wrapper.application; includeInIndex = 0; path = Meli1.app; sourceTree = BUILT_PRODUCTS_DIR; };
		3F861AD827150CD200FC7373 /* AppDelegate.swift */ = {isa = PBXFileReference; lastKnownFileType = sourcecode.swift; path = AppDelegate.swift; sourceTree = "<group>"; };
		3F861ADA27150CD200FC7373 /* SceneDelegate.swift */ = {isa = PBXFileReference; lastKnownFileType = sourcecode.swift; path = SceneDelegate.swift; sourceTree = "<group>"; };
		3F861ADC27150CD200FC7373 /* ViewController.swift */ = {isa = PBXFileReference; lastKnownFileType = sourcecode.swift; path = ViewController.swift; sourceTree = "<group>"; };
		3F861ADF27150CD200FC7373 /* Base */ = {isa = PBXFileReference; lastKnownFileType = file.storyboard; name = Base; path = Base.lproj/Main.storyboard; sourceTree = "<group>"; };
		3F861AE127150CDD00FC7373 /* Assets.xcassets */ = {isa = PBXFileReference; lastKnownFileType = folder.assetcatalog; path = Assets.xcassets; sourceTree = "<group>"; };
		3F861AE427150CDD00FC7373 /* Base */ = {isa = PBXFileReference; lastKnownFileType = file.storyboard; name = Base; path = Base.lproj/LaunchScreen.storyboard; sourceTree = "<group>"; };
		3F861AE627150CDD00FC7373 /* Info.plist */ = {isa = PBXFileReference; lastKnownFileType = text.plist.xml; path = Info.plist; sourceTree = "<group>"; };
		3F861AEB27150CDE00FC7373 /* Meli1Tests.xctest */ = {isa = PBXFileReference; explicitFileType = wrapper.cfbundle; includeInIndex = 0; path = Meli1Tests.xctest; sourceTree = BUILT_PRODUCTS_DIR; };
		3F861AEF27150CDE00FC7373 /* Meli1Tests.swift */ = {isa = PBXFileReference; lastKnownFileType = sourcecode.swift; path = Meli1Tests.swift; sourceTree = "<group>"; };
		3F861AF127150CDE00FC7373 /* Info.plist */ = {isa = PBXFileReference; lastKnownFileType = text.plist.xml; path = Info.plist; sourceTree = "<group>"; };
		3F861AF627150CDE00FC7373 /* Meli1UITests.xctest */ = {isa = PBXFileReference; explicitFileType = wrapper.cfbundle; includeInIndex = 0; path = Meli1UITests.xctest; sourceTree = BUILT_PRODUCTS_DIR; };
		3F861AFA27150CDE00FC7373 /* Meli1UITests.swift */ = {isa = PBXFileReference; lastKnownFileType = sourcecode.swift; path = Meli1UITests.swift; sourceTree = "<group>"; };
		3F861AFC27150CDE00FC7373 /* Info.plist */ = {isa = PBXFileReference; lastKnownFileType = text.plist.xml; path = Info.plist; sourceTree = "<group>"; };
/* End PBXFileReference section */

/* Begin PBXFrameworksBuildPhase section */
		3F861AD227150CD200FC7373 /* Frameworks */ = {
			isa = PBXFrameworksBuildPhase;
			buildActionMask = 2147483647;
			files = (
			);
			runOnlyForDeploymentPostprocessing = 0;
		};
		3F861AE827150CDE00FC7373 /* Frameworks */ = {
			isa = PBXFrameworksBuildPhase;
			buildActionMask = 2147483647;
			files = (
			);
			runOnlyForDeploymentPostprocessing = 0;
		};
		3F861AF327150CDE00FC7373 /* Frameworks */ = {
			isa = PBXFrameworksBuildPhase;
			buildActionMask = 2147483647;
			files = (
			);
			runOnlyForDeploymentPostprocessing = 0;
		};
/* End PBXFrameworksBuildPhase section */

/* Begin PBXGroup section */
		3F861ACC27150CD200FC7373 = {
			isa = PBXGroup;
			children = (
				3F861AD727150CD200FC7373 /* Meli1 */,
				3F861AEE27150CDE00FC7373 /* Meli1Tests */,
				3F861AF927150CDE00FC7373 /* Meli1UITests */,
				3F861AD627150CD200FC7373 /* Products */,
			);
			sourceTree = "<group>";
		};
		3F861AD627150CD200FC7373 /* Products */ = {
			isa = PBXGroup;
			children = (
				3F861AD527150CD200FC7373 /* Meli1.app */,
				3F861AEB27150CDE00FC7373 /* Meli1Tests.xctest */,
				3F861AF627150CDE00FC7373 /* Meli1UITests.xctest */,
			);
			name = Products;
			sourceTree = "<group>";
		};
		3F861AD727150CD200FC7373 /* Meli1 */ = {
			isa = PBXGroup;
			children = (
				3F861AD827150CD200FC7373 /* AppDelegate.swift */,
				3F861ADA27150CD200FC7373 /* SceneDelegate.swift */,
				3F861ADC27150CD200FC7373 /* ViewController.swift */,
				3F861ADE27150CD200FC7373 /* Main.storyboard */,
				3F861AE127150CDD00FC7373 /* Assets.xcassets */,
				3F861AE327150CDD00FC7373 /* LaunchScreen.storyboard */,
				3F861AE627150CDD00FC7373 /* Info.plist */,
			);
			path = Meli1;
			sourceTree = "<group>";
		};
		3F861AEE27150CDE00FC7373 /* Meli1Tests */ = {
			isa = PBXGroup;
			children = (
				3F861AEF27150CDE00FC7373 /* Meli1Tests.swift */,
				3F861AF127150CDE00FC7373 /* Info.plist */,
			);
			path = Meli1Tests;
			sourceTree = "<group>";
		};
		3F861AF927150CDE00FC7373 /* Meli1UITests */ = {
			isa = PBXGroup;
			children = (
				3F861AFA27150CDE00FC7373 /* Meli1UITests.swift */,
				3F861AFC27150CDE00FC7373 /* Info.plist */,
			);
			path = Meli1UITests;
			sourceTree = "<group>";
		};
/* End PBXGroup section */

/* Begin PBXNativeTarget section */
		3F861AD427150CD200FC7373 /* Meli1 */ = {
			isa = PBXNativeTarget;
			buildConfigurationList = 3F861AFF27150CDE00FC7373 /* Build configuration list for PBXNativeTarget "Meli1" */;
			buildPhases = (
				3F861AD127150CD200FC7373 /* Sources */,
				3F861AD227150CD200FC7373 /* Frameworks */,
				3F861AD327150CD200FC7373 /* Resources */,
			);
			buildRules = (
			);
			dependencies = (
			);
			name = Meli1;
			productName = Meli1;
			productReference = 3F861AD527150CD200FC7373 /* Meli1.app */;
			productType = "com.apple.product-type.application";
		};
		3F861AEA27150CDE00FC7373 /* Meli1Tests */ = {
			isa = PBXNativeTarget;
			buildConfigurationList = 3F861B0227150CDE00FC7373 /* Build configuration list for PBXNativeTarget "Meli1Tests" */;
			buildPhases = (
				3F861AE727150CDE00FC7373 /* Sources */,
				3F861AE827150CDE00FC7373 /* Frameworks */,
				3F861AE927150CDE00FC7373 /* Resources */,
			);
			buildRules = (
			);
			dependencies = (
				3F861AED27150CDE00FC7373 /* PBXTargetDependency */,
			);
			name = Meli1Tests;
			productName = Meli1Tests;
			productReference = 3F861AEB27150CDE00FC7373 /* Meli1Tests.xctest */;
			productType = "com.apple.product-type.bundle.unit-test";
		};
		3F861AF527150CDE00FC7373 /* Meli1UITests */ = {
			isa = PBXNativeTarget;
			buildConfigurationList = 3F861B0527150CDE00FC7373 /* Build configuration list for PBXNativeTarget "Meli1UITests" */;
			buildPhases = (
				3F861AF227150CDE00FC7373 /* Sources */,
				3F861AF327150CDE00FC7373 /* Frameworks */,
				3F861AF427150CDE00FC7373 /* Resources */,
			);
			buildRules = (
			);
			dependencies = (
				3F861AF827150CDE00FC7373 /* PBXTargetDependency */,
			);
			name = Meli1UITests;
			productName = Meli1UITests;
			productReference = 3F861AF627150CDE00FC7373 /* Meli1UITests.xctest */;
			productType = "com.apple.product-type.bundle.ui-testing";
		};
/* End PBXNativeTarget section */

/* Begin PBXProject section */
		3F861ACD27150CD200FC7373 /* Project object */ = {
			isa = PBXProject;
			attributes = {
				LastSwiftUpdateCheck = 1250;
				LastUpgradeCheck = 1250;
				TargetAttributes = {
					3F861AD427150CD200FC7373 = {
						CreatedOnToolsVersion = 12.5;
					};
					3F861AEA27150CDE00FC7373 = {
						CreatedOnToolsVersion = 12.5;
						TestTargetID = 3F861AD427150CD200FC7373;
					};
					3F861AF527150CDE00FC7373 = {
						CreatedOnToolsVersion = 12.5;
						TestTargetID = 3F861AD427150CD200FC7373;
					};
				};
			};
			buildConfigurationList = 3F861AD027150CD200FC7373 /* Build configuration list for PBXProject "Meli1" */;
			compatibilityVersion = "Xcode 9.3";
			developmentRegion = en;
			hasScannedForEncodings = 0;
			knownRegions = (
				en,
				Base,
			);
			mainGroup = 3F861ACC27150CD200FC7373;
			productRefGroup = 3F861AD627150CD200FC7373 /* Products */;
			projectDirPath = "";
			projectRoot = "";
			targets = (
				3F861AD427150CD200FC7373 /* Meli1 */,
				3F861AEA27150CDE00FC7373 /* Meli1Tests */,
				3F861AF527150CDE00FC7373 /* Meli1UITests */,
			);
		};
/* End PBXProject section */

/* Begin PBXResourcesBuildPhase section */
		3F861AD327150CD200FC7373 /* Resources */ = {
			isa = PBXResourcesBuildPhase;
			buildActionMask = 2147483647;
			files = (
				3F861AE527150CDD00FC7373 /* LaunchScreen.storyboard in Resources */,
				3F861AE227150CDD00FC7373 /* Assets.xcassets in Resources */,
				3F861AE027150CD200FC7373 /* Main.storyboard in Resources */,
			);
			runOnlyForDeploymentPostprocessing = 0;
		};
		3F861AE927150CDE00FC7373 /* Resources */ = {
			isa = PBXResourcesBuildPhase;
			buildActionMask = 2147483647;
			files = (
			);
			runOnlyForDeploymentPostprocessing = 0;
		};
		3F861AF427150CDE00FC7373 /* Resources */ = {
			isa = PBXResourcesBuildPhase;
			buildActionMask = 2147483647;
			files = (
			);
			runOnlyForDeploymentPostprocessing = 0;
		};
/* End PBXResourcesBuildPhase section */

/* Begin PBXSourcesBuildPhase section */
		3F861AD127150CD200FC7373 /* Sources */ = {
			isa = PBXSourcesBuildPhase;
			buildActionMask = 2147483647;
			files = (
				3F861ADD27150CD200FC7373 /* ViewController.swift in Sources */,
				3F861AD927150CD200FC7373 /* AppDelegate.swift in Sources */,
				3F861ADB27150CD200FC7373 /* SceneDelegate.swift in Sources */,
			);
			runOnlyForDeploymentPostprocessing = 0;
		};
		3F861AE727150CDE00FC7373 /* Sources */ = {
			isa = PBXSourcesBuildPhase;
			buildActionMask = 2147483647;
			files = (
				3F861AF027150CDE00FC7373 /* Meli1Tests.swift in Sources */,
			);
			runOnlyForDeploymentPostprocessing = 0;
		};
		3F861AF227150CDE00FC7373 /* Sources */ = {
			isa = PBXSourcesBuildPhase;
			buildActionMask = 2147483647;
			files = (
				3F861AFB27150CDE00FC7373 /* Meli1UITests.swift in Sources */,
			);
			runOnlyForDeploymentPostprocessing = 0;
		};
/* End PBXSourcesBuildPhase section */

/* Begin PBXTargetDependency section */
		3F861AED27150CDE00FC7373 /* PBXTargetDependency */ = {
			isa = PBXTargetDependency;
			target = 3F861AD427150CD200FC7373 /* Meli1 */;
			targetProxy = 3F861AEC27150CDE00FC7373 /* PBXContainerItemProxy */;
		};
		3F861AF827150CDE00FC7373 /* PBXTargetDependency */ = {
			isa = PBXTargetDependency;
			target = 3F861AD427150CD200FC7373 /* Meli1 */;
			targetProxy = 3F861AF727150CDE00FC7373 /* PBXContainerItemProxy */;
		};
/* End PBXTargetDependency section */

/* Begin PBXVariantGroup section */
		3F861ADE27150CD200FC7373 /* Main.storyboard */ = {
			isa = PBXVariantGroup;
			children = (
				3F861ADF27150CD200FC7373 /* Base */,
			);
			name = Main.storyboard;
			sourceTree = "<group>";
		};
		3F861AE327150CDD00FC7373 /* LaunchScreen.storyboard */ = {
			isa = PBXVariantGroup;
			children = (
				3F861AE427150CDD00FC7373 /* Base */,
			);
			name = LaunchScreen.storyboard;
			sourceTree = "<group>";
		};
/* End PBXVariantGroup section */

/* Begin XCBuildConfiguration section */
		3F861AFD27150CDE00FC7373 /* Debug */ = {
			isa = XCBuildConfiguration;
			buildSettings = {
				ALWAYS_SEARCH_USER_PATHS = NO;
				CLANG_ANALYZER_NONNULL = YES;
				CLANG_ANALYZER_NUMBER_OBJECT_CONVERSION = YES_AGGRESSIVE;
				CLANG_CXX_LANGUAGE_STANDARD = "gnu++14";
				CLANG_CXX_LIBRARY = "libc++";
				CLANG_ENABLE_MODULES = YES;
				CLANG_ENABLE_OBJC_ARC = YES;
				CLANG_ENABLE_OBJC_WEAK = YES;
				CLANG_WARN_BLOCK_CAPTURE_AUTORELEASING = YES;
				CLANG_WARN_BOOL_CONVERSION = YES;
				CLANG_WARN_COMMA = YES;
				CLANG_WARN_CONSTANT_CONVERSION = YES;
				CLANG_WARN_DEPRECATED_OBJC_IMPLEMENTATIONS = YES;
				CLANG_WARN_DIRECT_OBJC_ISA_USAGE = YES_ERROR;
				CLANG_WARN_DOCUMENTATION_COMMENTS = YES;
				CLANG_WARN_EMPTY_BODY = YES;
				CLANG_WARN_ENUM_CONVERSION = YES;
				CLANG_WARN_INFINITE_RECURSION = YES;
				CLANG_WARN_INT_CONVERSION = YES;
				CLANG_WARN_NON_LITERAL_NULL_CONVERSION = YES;
				CLANG_WARN_OBJC_IMPLICIT_RETAIN_SELF = YES;
				CLANG_WARN_OBJC_LITERAL_CONVERSION = YES;
				CLANG_WARN_OBJC_ROOT_CLASS = YES_ERROR;
				CLANG_WARN_QUOTED_INCLUDE_IN_FRAMEWORK_HEADER = YES;
				CLANG_WARN_RANGE_LOOP_ANALYSIS = YES;
				CLANG_WARN_STRICT_PROTOTYPES = YES;
				CLANG_WARN_SUSPICIOUS_MOVE = YES;
				CLANG_WARN_UNGUARDED_AVAILABILITY = YES_AGGRESSIVE;
				CLANG_WARN_UNREACHABLE_CODE = YES;
				CLANG_WARN__DUPLICATE_METHOD_MATCH = YES;
				COPY_PHASE_STRIP = NO;
				DEBUG_INFORMATION_FORMAT = dwarf;
				ENABLE_STRICT_OBJC_MSGSEND = YES;
				ENABLE_TESTABILITY = YES;
				GCC_C_LANGUAGE_STANDARD = gnu11;
				GCC_DYNAMIC_NO_PIC = NO;
				GCC_NO_COMMON_BLOCKS = YES;
				GCC_OPTIMIZATION_LEVEL = 0;
				GCC_PREPROCESSOR_DEFINITIONS = (
					"DEBUG=1",
					"$(inherited)",
				);
				GCC_WARN_64_TO_32_BIT_CONVERSION = YES;
				GCC_WARN_ABOUT_RETURN_TYPE = YES_ERROR;
				GCC_WARN_UNDECLARED_SELECTOR = YES;
				GCC_WARN_UNINITIALIZED_AUTOS = YES_AGGRESSIVE;
				GCC_WARN_UNUSED_FUNCTION = YES;
				GCC_WARN_UNUSED_VARIABLE = YES;
				IPHONEOS_DEPLOYMENT_TARGET = 14.5;
				MTL_ENABLE_DEBUG_INFO = INCLUDE_SOURCE;
				MTL_FAST_MATH = YES;
				ONLY_ACTIVE_ARCH = YES;
				SDKROOT = iphoneos;
				SWIFT_ACTIVE_COMPILATION_CONDITIONS = DEBUG;
				SWIFT_OPTIMIZATION_LEVEL = "-Onone";
			};
			name = Debug;
		};
		3F861AFE27150CDE00FC7373 /* Release */ = {
			isa = XCBuildConfiguration;
			buildSettings = {
				ALWAYS_SEARCH_USER_PATHS = NO;
				CLANG_ANALYZER_NONNULL = YES;
				CLANG_ANALYZER_NUMBER_OBJECT_CONVERSION = YES_AGGRESSIVE;
				CLANG_CXX_LANGUAGE_STANDARD = "gnu++14";
				CLANG_CXX_LIBRARY = "libc++";
				CLANG_ENABLE_MODULES = YES;
				CLANG_ENABLE_OBJC_ARC = YES;
				CLANG_ENABLE_OBJC_WEAK = YES;
				CLANG_WARN_BLOCK_CAPTURE_AUTORELEASING = YES;
				CLANG_WARN_BOOL_CONVERSION = YES;
				CLANG_WARN_COMMA = YES;
				CLANG_WARN_CONSTANT_CONVERSION = YES;
				CLANG_WARN_DEPRECATED_OBJC_IMPLEMENTATIONS = YES;
				CLANG_WARN_DIRECT_OBJC_ISA_USAGE = YES_ERROR;
				CLANG_WARN_DOCUMENTATION_COMMENTS = YES;
				CLANG_WARN_EMPTY_BODY = YES;
				CLANG_WARN_ENUM_CONVERSION = YES;
				CLANG_WARN_INFINITE_RECURSION = YES;
				CLANG_WARN_INT_CONVERSION = YES;
				CLANG_WARN_NON_LITERAL_NULL_CONVERSION = YES;
				CLANG_WARN_OBJC_IMPLICIT_RETAIN_SELF = YES;
				CLANG_WARN_OBJC_LITERAL_CONVERSION = YES;
				CLANG_WARN_OBJC_ROOT_CLASS = YES_ERROR;
				CLANG_WARN_QUOTED_INCLUDE_IN_FRAMEWORK_HEADER = YES;
				CLANG_WARN_RANGE_LOOP_ANALYSIS = YES;
				CLANG_WARN_STRICT_PROTOTYPES = YES;
				CLANG_WARN_SUSPICIOUS_MOVE = YES;
				CLANG_WARN_UNGUARDED_AVAILABILITY = YES_AGGRESSIVE;
				CLANG_WARN_UNREACHABLE_CODE = YES;
				CLANG_WARN__DUPLICATE_METHOD_MATCH = YES;
				COPY_PHASE_STRIP = NO;
				DEBUG_INFORMATION_FORMAT = "dwarf-with-dsym";
				ENABLE_NS_ASSERTIONS = NO;
				ENABLE_STRICT_OBJC_MSGSEND = YES;
				GCC_C_LANGUAGE_STANDARD = gnu11;
				GCC_NO_COMMON_BLOCKS = YES;
				GCC_WARN_64_TO_32_BIT_CONVERSION = YES;
				GCC_WARN_ABOUT_RETURN_TYPE = YES_ERROR;
				GCC_WARN_UNDECLARED_SELECTOR = YES;
				GCC_WARN_UNINITIALIZED_AUTOS = YES_AGGRESSIVE;
				GCC_WARN_UNUSED_FUNCTION = YES;
				GCC_WARN_UNUSED_VARIABLE = YES;
				IPHONEOS_DEPLOYMENT_TARGET = 14.5;
				MTL_ENABLE_DEBUG_INFO = NO;
				MTL_FAST_MATH = YES;
				SDKROOT = iphoneos;
				SWIFT_COMPILATION_MODE = wholemodule;
				SWIFT_OPTIMIZATION_LEVEL = "-O";
				VALIDATE_PRODUCT = YES;
			};
			name = Release;
		};
		3F861B0027150CDE00FC7373 /* Debug */ = {
			isa = XCBuildConfiguration;
			buildSettings = {
				ASSETCATALOG_COMPILER_APPICON_NAME = AppIcon;
				ASSETCATALOG_COMPILER_GLOBAL_ACCENT_COLOR_NAME = AccentColor;
				CODE_SIGN_STYLE = Automatic;
				DEVELOPMENT_TEAM = XM44G74FQ7;
				INFOPLIST_FILE = Meli1/Info.plist;
				LD_RUNPATH_SEARCH_PATHS = (
					"$(inherited)",
					"@executable_path/Frameworks",
				);
				PRODUCT_BUNDLE_IDENTIFIER = com.osCorp.Meli1;
				PRODUCT_NAME = "$(TARGET_NAME)";
				SWIFT_VERSION = 5.0;
				TARGETED_DEVICE_FAMILY = "1,2";
			};
			name = Debug;
		};
		3F861B0127150CDE00FC7373 /* Release */ = {
			isa = XCBuildConfiguration;
			buildSettings = {
				ASSETCATALOG_COMPILER_APPICON_NAME = AppIcon;
				ASSETCATALOG_COMPILER_GLOBAL_ACCENT_COLOR_NAME = AccentColor;
				CODE_SIGN_STYLE = Automatic;
				DEVELOPMENT_TEAM = XM44G74FQ7;
				INFOPLIST_FILE = Meli1/Info.plist;
				LD_RUNPATH_SEARCH_PATHS = (
					"$(inherited)",
					"@executable_path/Frameworks",
				);
				PRODUCT_BUNDLE_IDENTIFIER = com.osCorp.Meli1;
				PRODUCT_NAME = "$(TARGET_NAME)";
				SWIFT_VERSION = 5.0;
				TARGETED_DEVICE_FAMILY = "1,2";
			};
			name = Release;
		};
		3F861B0327150CDE00FC7373 /* Debug */ = {
			isa = XCBuildConfiguration;
			buildSettings = {
				ALWAYS_EMBED_SWIFT_STANDARD_LIBRARIES = YES;
				BUNDLE_LOADER = "$(TEST_HOST)";
				CODE_SIGN_STYLE = Automatic;
				DEVELOPMENT_TEAM = XM44G74FQ7;
				INFOPLIST_FILE = Meli1Tests/Info.plist;
				IPHONEOS_DEPLOYMENT_TARGET = 14.5;
				LD_RUNPATH_SEARCH_PATHS = (
					"$(inherited)",
					"@executable_path/Frameworks",
					"@loader_path/Frameworks",
				);
				PRODUCT_BUNDLE_IDENTIFIER = com.osCorp.Meli1Tests;
				PRODUCT_NAME = "$(TARGET_NAME)";
				SWIFT_VERSION = 5.0;
				TARGETED_DEVICE_FAMILY = "1,2";
				TEST_HOST = "$(BUILT_PRODUCTS_DIR)/Meli1.app/Meli1";
			};
			name = Debug;
		};
		3F861B0427150CDE00FC7373 /* Release */ = {
			isa = XCBuildConfiguration;
			buildSettings = {
				ALWAYS_EMBED_SWIFT_STANDARD_LIBRARIES = YES;
				BUNDLE_LOADER = "$(TEST_HOST)";
				CODE_SIGN_STYLE = Automatic;
				DEVELOPMENT_TEAM = XM44G74FQ7;
				INFOPLIST_FILE = Meli1Tests/Info.plist;
				IPHONEOS_DEPLOYMENT_TARGET = 14.5;
				LD_RUNPATH_SEARCH_PATHS = (
					"$(inherited)",
					"@executable_path/Frameworks",
					"@loader_path/Frameworks",
				);
				PRODUCT_BUNDLE_IDENTIFIER = com.osCorp.Meli1Tests;
				PRODUCT_NAME = "$(TARGET_NAME)";
				SWIFT_VERSION = 5.0;
				TARGETED_DEVICE_FAMILY = "1,2";
				TEST_HOST = "$(BUILT_PRODUCTS_DIR)/Meli1.app/Meli1";
			};
			name = Release;
		};
		3F861B0627150CDE00FC7373 /* Debug */ = {
			isa = XCBuildConfiguration;
			buildSettings = {
				ALWAYS_EMBED_SWIFT_STANDARD_LIBRARIES = YES;
				CODE_SIGN_STYLE = Automatic;
				DEVELOPMENT_TEAM = XM44G74FQ7;
				INFOPLIST_FILE = Meli1UITests/Info.plist;
				LD_RUNPATH_SEARCH_PATHS = (
					"$(inherited)",
					"@executable_path/Frameworks",
					"@loader_path/Frameworks",
				);
				PRODUCT_BUNDLE_IDENTIFIER = com.osCorp.Meli1UITests;
				PRODUCT_NAME = "$(TARGET_NAME)";
				SWIFT_VERSION = 5.0;
				TARGETED_DEVICE_FAMILY = "1,2";
				TEST_TARGET_NAME = Meli1;
			};
			name = Debug;
		};
		3F861B0727150CDE00FC7373 /* Release */ = {
			isa = XCBuildConfiguration;
			buildSettings = {
				ALWAYS_EMBED_SWIFT_STANDARD_LIBRARIES = YES;
				CODE_SIGN_STYLE = Automatic;
				DEVELOPMENT_TEAM = XM44G74FQ7;
				INFOPLIST_FILE = Meli1UITests/Info.plist;
				LD_RUNPATH_SEARCH_PATHS = (
					"$(inherited)",
					"@executable_path/Frameworks",
					"@loader_path/Frameworks",
				);
				PRODUCT_BUNDLE_IDENTIFIER = com.osCorp.Meli1UITests;
				PRODUCT_NAME = "$(TARGET_NAME)";
				SWIFT_VERSION = 5.0;
				TARGETED_DEVICE_FAMILY = "1,2";
				TEST_TARGET_NAME = Meli1;
			};
			name = Release;
		};
/* End XCBuildConfiguration section */

/* Begin XCConfigurationList section */
		3F861AD027150CD200FC7373 /* Build configuration list for PBXProject "Meli1" */ = {
			isa = XCConfigurationList;
			buildConfigurations = (
				3F861AFD27150CDE00FC7373 /* Debug */,
				3F861AFE27150CDE00FC7373 /* Release */,
			);
			defaultConfigurationIsVisible = 0;
			defaultConfigurationName = Release;
		};
		3F861AFF27150CDE00FC7373 /* Build configuration list for PBXNativeTarget "Meli1" */ = {
			isa = XCConfigurationList;
			buildConfigurations = (
				3F861B0027150CDE00FC7373 /* Debug */,
				3F861B0127150CDE00FC7373 /* Release */,
			);
			defaultConfigurationIsVisible = 0;
			defaultConfigurationName = Release;
		};
		3F861B0227150CDE00FC7373 /* Build configuration list for PBXNativeTarget "Meli1Tests" */ = {
			isa = XCConfigurationList;
			buildConfigurations = (
				3F861B0327150CDE00FC7373 /* Debug */,
				3F861B0427150CDE00FC7373 /* Release */,
			);
			defaultConfigurationIsVisible = 0;
			defaultConfigurationName = Release;
		};
		3F861B0527150CDE00FC7373 /* Build configuration list for PBXNativeTarget "Meli1UITests" */ = {
			isa = XCConfigurationList;
			buildConfigurations = (
				3F861B0627150CDE00FC7373 /* Debug */,
				3F861B0727150CDE00FC7373 /* Release */,
			);
			defaultConfigurationIsVisible = 0;
			defaultConfigurationName = Release;
		};
/* End XCConfigurationList section */
	};
	rootObject = 3F861ACD27150CD200FC7373 /* Project object */;
}
