// !$*UTF8*$!
{
	archiveVersion = 1;
	classes = {
	};
	objectVersion = 51;
	objects = {

/* Begin PBXBuildFile section */
		35C9D1DBC9B0FE1A06BE9F06 /* Pods_Meli1.framework in Frameworks */ = {isa = PBXBuildFile; fileRef = FEAE520ECE2D451ABFE78BE8 /* Pods_Meli1.framework */; };
		3F3EACDD27178EF3001AC352 /* SearchProductTests.swift in Sources */ = {isa = PBXBuildFile; fileRef = 3F3EACDC27178EF3001AC352 /* SearchProductTests.swift */; };
		3F3EACE02718E36B001AC352 /* ProductDetailViewController.swift in Sources */ = {isa = PBXBuildFile; fileRef = 3F3EACDF2718E36B001AC352 /* ProductDetailViewController.swift */; };
		3F3EACE32718F386001AC352 /* Int+extension.swift in Sources */ = {isa = PBXBuildFile; fileRef = 3F3EACE22718F386001AC352 /* Int+extension.swift */; };
		3F3EACE6271CA184001AC352 /* UIApplication+extension.swift in Sources */ = {isa = PBXBuildFile; fileRef = 3F3EACE5271CA183001AC352 /* UIApplication+extension.swift */; };
		3F3EACE8271CB074001AC352 /* UIViewController+extension.swift in Sources */ = {isa = PBXBuildFile; fileRef = 3F3EACE7271CB074001AC352 /* UIViewController+extension.swift */; };
		3F3EACEA271CCE77001AC352 /* RequestErrorModel.swift in Sources */ = {isa = PBXBuildFile; fileRef = 3F3EACE9271CCE77001AC352 /* RequestErrorModel.swift */; };
		3F727B9127B1E43400816E3B /* AttributesTableViewCell.swift in Sources */ = {isa = PBXBuildFile; fileRef = 3F727B8F27B1E43400816E3B /* AttributesTableViewCell.swift */; };
		3F727B9227B1E43400816E3B /* AttributesTableViewCell.xib in Resources */ = {isa = PBXBuildFile; fileRef = 3F727B9027B1E43400816E3B /* AttributesTableViewCell.xib */; };
		3F727B9A27B4B4C100816E3B /* ProductDetailProvider.swift in Sources */ = {isa = PBXBuildFile; fileRef = 3F727B9927B4B4C100816E3B /* ProductDetailProvider.swift */; };
		3F727B9C27B4B80100816E3B /* ProductDetailModel.swift in Sources */ = {isa = PBXBuildFile; fileRef = 3F727B9B27B4B80100816E3B /* ProductDetailModel.swift */; };
		3F727B9E27B4BCF700816E3B /* ProductDetailViewModel.swift in Sources */ = {isa = PBXBuildFile; fileRef = 3F727B9D27B4BCF700816E3B /* ProductDetailViewModel.swift */; };
		3F727BA227B54B9D00816E3B /* TitleAndPicturesCell.swift in Sources */ = {isa = PBXBuildFile; fileRef = 3F727BA027B54B9D00816E3B /* TitleAndPicturesCell.swift */; };
		3F727BA327B54B9D00816E3B /* TitleAndPicturesCell.xib in Resources */ = {isa = PBXBuildFile; fileRef = 3F727BA127B54B9D00816E3B /* TitleAndPicturesCell.xib */; };
		3F727BA627B552D400816E3B /* ProductImagesCell.swift in Sources */ = {isa = PBXBuildFile; fileRef = 3F727BA427B552D400816E3B /* ProductImagesCell.swift */; };
		3F727BA727B552D400816E3B /* ProductImagesCell.xib in Resources */ = {isa = PBXBuildFile; fileRef = 3F727BA527B552D400816E3B /* ProductImagesCell.xib */; };
		3F727BB027B58B1100816E3B /* PriceAndShippingCell.swift in Sources */ = {isa = PBXBuildFile; fileRef = 3F727BAE27B58B1100816E3B /* PriceAndShippingCell.swift */; };
		3F727BB127B58B1100816E3B /* PriceAndShippingCell.xib in Resources */ = {isa = PBXBuildFile; fileRef = 3F727BAF27B58B1100816E3B /* PriceAndShippingCell.xib */; };
		3F727BB527B5B37400816E3B /* BuyButtonCell.swift in Sources */ = {isa = PBXBuildFile; fileRef = 3F727BB327B5B37400816E3B /* BuyButtonCell.swift */; };
		3F727BB627B5B37400816E3B /* BuyButtonCell.xib in Resources */ = {isa = PBXBuildFile; fileRef = 3F727BB427B5B37400816E3B /* BuyButtonCell.xib */; };
		3F727BBA27B5CA5600816E3B /* ProductInformationCell.swift in Sources */ = {isa = PBXBuildFile; fileRef = 3F727BB827B5CA5600816E3B /* ProductInformationCell.swift */; };
		3F727BBB27B5CA5600816E3B /* ProductInformationCell.xib in Resources */ = {isa = PBXBuildFile; fileRef = 3F727BB927B5CA5600816E3B /* ProductInformationCell.xib */; };
		3F727BBD27B612D400816E3B /* GetProductDetailTests.swift in Sources */ = {isa = PBXBuildFile; fileRef = 3F727BBC27B612D300816E3B /* GetProductDetailTests.swift */; };
		3F727BBF27B616ED00816E3B /* ProductDetailMock.json in Resources */ = {isa = PBXBuildFile; fileRef = 3F727BBE27B616ED00816E3B /* ProductDetailMock.json */; };
		3F727BC127B6174900816E3B /* ProductDetailProviderMock.swift in Sources */ = {isa = PBXBuildFile; fileRef = 3F727BC027B6174900816E3B /* ProductDetailProviderMock.swift */; };
		3F72B7E8271F92D100A95349 /* ProductModel.swift in Sources */ = {isa = PBXBuildFile; fileRef = 3F72B7E7271F92D100A95349 /* ProductModel.swift */; };
		3F861AD927150CD200FC7373 /* AppDelegate.swift in Sources */ = {isa = PBXBuildFile; fileRef = 3F861AD827150CD200FC7373 /* AppDelegate.swift */; };
		3F861ADD27150CD200FC7373 /* ProductsListViewController.swift in Sources */ = {isa = PBXBuildFile; fileRef = 3F861ADC27150CD200FC7373 /* ProductsListViewController.swift */; };
		3F861AE027150CD200FC7373 /* Main.storyboard in Resources */ = {isa = PBXBuildFile; fileRef = 3F861ADE27150CD200FC7373 /* Main.storyboard */; };
		3F861AE227150CDD00FC7373 /* Assets.xcassets in Resources */ = {isa = PBXBuildFile; fileRef = 3F861AE127150CDD00FC7373 /* Assets.xcassets */; };
		3F861AE527150CDD00FC7373 /* LaunchScreen.storyboard in Resources */ = {isa = PBXBuildFile; fileRef = 3F861AE327150CDD00FC7373 /* LaunchScreen.storyboard */; };
		3F861B0A2715135300FC7373 /* Service.swift in Sources */ = {isa = PBXBuildFile; fileRef = 3F861B092715135300FC7373 /* Service.swift */; };
		3F861B0D27152BAB00FC7373 /* ResultModel.swift in Sources */ = {isa = PBXBuildFile; fileRef = 3F861B0C27152BAB00FC7373 /* ResultModel.swift */; };
		3F861B102715E30000FC7373 /* ProductsViewModel.swift in Sources */ = {isa = PBXBuildFile; fileRef = 3F861B0F2715E30000FC7373 /* ProductsViewModel.swift */; };
		3F861B152716175600FC7373 /* SearchProductProvider.swift in Sources */ = {isa = PBXBuildFile; fileRef = 3F861B142716175500FC7373 /* SearchProductProvider.swift */; };
		3F861B1727161DE600FC7373 /* SceneDelegate.swift in Sources */ = {isa = PBXBuildFile; fileRef = 3F861B1627161DE600FC7373 /* SceneDelegate.swift */; };
		3F861B1A2716248400FC7373 /* ProductsMock.json in Resources */ = {isa = PBXBuildFile; fileRef = 3F861B192716248400FC7373 /* ProductsMock.json */; };
		3F861B1D2716491200FC7373 /* ProductListCell.swift in Sources */ = {isa = PBXBuildFile; fileRef = 3F861B1B2716491100FC7373 /* ProductListCell.swift */; };
		3F861B1E2716491200FC7373 /* ProductListCell.xib in Resources */ = {isa = PBXBuildFile; fileRef = 3F861B1C2716491200FC7373 /* ProductListCell.xib */; };
		9927E303EFBA0AAFB77881AC /* Pods_Meli1Tests.framework in Frameworks */ = {isa = PBXBuildFile; fileRef = 43E4DC018F1F0073648A8B91 /* Pods_Meli1Tests.framework */; };
/* End PBXBuildFile section */

/* Begin PBXContainerItemProxy section */
		3F861AEC27150CDE00FC7373 /* PBXContainerItemProxy */ = {
			isa = PBXContainerItemProxy;
			containerPortal = 3F861ACD27150CD200FC7373 /* Project object */;
			proxyType = 1;
			remoteGlobalIDString = 3F861AD427150CD200FC7373;
			remoteInfo = Meli1;
		};
/* End PBXContainerItemProxy section */

/* Begin PBXFileReference section */
		0730F400BD04DF6CCE2CCC4E /* Pods-Meli1-Meli1UITests.release.xcconfig */ = {isa = PBXFileReference; includeInIndex = 1; lastKnownFileType = text.xcconfig; name = "Pods-Meli1-Meli1UITests.release.xcconfig"; path = "Target Support Files/Pods-Meli1-Meli1UITests/Pods-Meli1-Meli1UITests.release.xcconfig"; sourceTree = "<group>"; };
		1000BAC586F197D083279286 /* Pods-Meli1.release.xcconfig */ = {isa = PBXFileReference; includeInIndex = 1; lastKnownFileType = text.xcconfig; name = "Pods-Meli1.release.xcconfig"; path = "Target Support Files/Pods-Meli1/Pods-Meli1.release.xcconfig"; sourceTree = "<group>"; };
		3B0AE5424F277ABC7C94EAFD /* Pods-Meli1-Meli1UITests.debug.xcconfig */ = {isa = PBXFileReference; includeInIndex = 1; lastKnownFileType = text.xcconfig; name = "Pods-Meli1-Meli1UITests.debug.xcconfig"; path = "Target Support Files/Pods-Meli1-Meli1UITests/Pods-Meli1-Meli1UITests.debug.xcconfig"; sourceTree = "<group>"; };
		3F3EACDC27178EF3001AC352 /* SearchProductTests.swift */ = {isa = PBXFileReference; lastKnownFileType = sourcecode.swift; path = SearchProductTests.swift; sourceTree = "<group>"; };
		3F3EACDF2718E36B001AC352 /* ProductDetailViewController.swift */ = {isa = PBXFileReference; lastKnownFileType = sourcecode.swift; path = ProductDetailViewController.swift; sourceTree = "<group>"; };
		3F3EACE22718F386001AC352 /* Int+extension.swift */ = {isa = PBXFileReference; lastKnownFileType = sourcecode.swift; path = "Int+extension.swift"; sourceTree = "<group>"; };
		3F3EACE5271CA183001AC352 /* UIApplication+extension.swift */ = {isa = PBXFileReference; lastKnownFileType = sourcecode.swift; path = "UIApplication+extension.swift"; sourceTree = "<group>"; };
		3F3EACE7271CB074001AC352 /* UIViewController+extension.swift */ = {isa = PBXFileReference; lastKnownFileType = sourcecode.swift; path = "UIViewController+extension.swift"; sourceTree = "<group>"; };
		3F3EACE9271CCE77001AC352 /* RequestErrorModel.swift */ = {isa = PBXFileReference; lastKnownFileType = sourcecode.swift; path = RequestErrorModel.swift; sourceTree = "<group>"; };
		3F727B8F27B1E43400816E3B /* AttributesTableViewCell.swift */ = {isa = PBXFileReference; lastKnownFileType = sourcecode.swift; path = AttributesTableViewCell.swift; sourceTree = "<group>"; };
		3F727B9027B1E43400816E3B /* AttributesTableViewCell.xib */ = {isa = PBXFileReference; lastKnownFileType = file.xib; path = AttributesTableViewCell.xib; sourceTree = "<group>"; };
		3F727B9927B4B4C100816E3B /* ProductDetailProvider.swift */ = {isa = PBXFileReference; lastKnownFileType = sourcecode.swift; path = ProductDetailProvider.swift; sourceTree = "<group>"; };
		3F727B9B27B4B80100816E3B /* ProductDetailModel.swift */ = {isa = PBXFileReference; lastKnownFileType = sourcecode.swift; path = ProductDetailModel.swift; sourceTree = "<group>"; };
		3F727B9D27B4BCF700816E3B /* ProductDetailViewModel.swift */ = {isa = PBXFileReference; lastKnownFileType = sourcecode.swift; path = ProductDetailViewModel.swift; sourceTree = "<group>"; };
		3F727BA027B54B9D00816E3B /* TitleAndPicturesCell.swift */ = {isa = PBXFileReference; lastKnownFileType = sourcecode.swift; path = TitleAndPicturesCell.swift; sourceTree = "<group>"; };
		3F727BA127B54B9D00816E3B /* TitleAndPicturesCell.xib */ = {isa = PBXFileReference; lastKnownFileType = file.xib; path = TitleAndPicturesCell.xib; sourceTree = "<group>"; };
		3F727BA427B552D400816E3B /* ProductImagesCell.swift */ = {isa = PBXFileReference; lastKnownFileType = sourcecode.swift; path = ProductImagesCell.swift; sourceTree = "<group>"; };
		3F727BA527B552D400816E3B /* ProductImagesCell.xib */ = {isa = PBXFileReference; lastKnownFileType = file.xib; path = ProductImagesCell.xib; sourceTree = "<group>"; };
		3F727BAE27B58B1100816E3B /* PriceAndShippingCell.swift */ = {isa = PBXFileReference; lastKnownFileType = sourcecode.swift; path = PriceAndShippingCell.swift; sourceTree = "<group>"; };
		3F727BAF27B58B1100816E3B /* PriceAndShippingCell.xib */ = {isa = PBXFileReference; lastKnownFileType = file.xib; path = PriceAndShippingCell.xib; sourceTree = "<group>"; };
		3F727BB327B5B37400816E3B /* BuyButtonCell.swift */ = {isa = PBXFileReference; lastKnownFileType = sourcecode.swift; path = BuyButtonCell.swift; sourceTree = "<group>"; };
		3F727BB427B5B37400816E3B /* BuyButtonCell.xib */ = {isa = PBXFileReference; lastKnownFileType = file.xib; path = BuyButtonCell.xib; sourceTree = "<group>"; };
		3F727BB827B5CA5600816E3B /* ProductInformationCell.swift */ = {isa = PBXFileReference; lastKnownFileType = sourcecode.swift; path = ProductInformationCell.swift; sourceTree = "<group>"; };
		3F727BB927B5CA5600816E3B /* ProductInformationCell.xib */ = {isa = PBXFileReference; lastKnownFileType = file.xib; path = ProductInformationCell.xib; sourceTree = "<group>"; };
		3F727BBC27B612D300816E3B /* GetProductDetailTests.swift */ = {isa = PBXFileReference; lastKnownFileType = sourcecode.swift; path = GetProductDetailTests.swift; sourceTree = "<group>"; };
		3F727BBE27B616ED00816E3B /* ProductDetailMock.json */ = {isa = PBXFileReference; lastKnownFileType = text.json; path = ProductDetailMock.json; sourceTree = "<group>"; };
		3F727BC027B6174900816E3B /* ProductDetailProviderMock.swift */ = {isa = PBXFileReference; lastKnownFileType = sourcecode.swift; path = ProductDetailProviderMock.swift; sourceTree = "<group>"; };
		3F72B7E7271F92D100A95349 /* ProductModel.swift */ = {isa = PBXFileReference; lastKnownFileType = sourcecode.swift; path = ProductModel.swift; sourceTree = "<group>"; };
		3F861AD527150CD200FC7373 /* Meli1.app */ = {isa = PBXFileReference; explicitFileType = wrapper.application; includeInIndex = 0; path = Meli1.app; sourceTree = BUILT_PRODUCTS_DIR; };
		3F861AD827150CD200FC7373 /* AppDelegate.swift */ = {isa = PBXFileReference; lastKnownFileType = sourcecode.swift; path = AppDelegate.swift; sourceTree = "<group>"; };
		3F861ADC27150CD200FC7373 /* ProductsListViewController.swift */ = {isa = PBXFileReference; lastKnownFileType = sourcecode.swift; path = ProductsListViewController.swift; sourceTree = "<group>"; };
		3F861ADF27150CD200FC7373 /* Base */ = {isa = PBXFileReference; lastKnownFileType = file.storyboard; name = Base; path = Base.lproj/Main.storyboard; sourceTree = "<group>"; };
		3F861AE127150CDD00FC7373 /* Assets.xcassets */ = {isa = PBXFileReference; lastKnownFileType = folder.assetcatalog; path = Assets.xcassets; sourceTree = "<group>"; };
		3F861AE427150CDD00FC7373 /* Base */ = {isa = PBXFileReference; lastKnownFileType = file.storyboard; name = Base; path = Base.lproj/LaunchScreen.storyboard; sourceTree = "<group>"; };
		3F861AE627150CDD00FC7373 /* Info.plist */ = {isa = PBXFileReference; lastKnownFileType = text.plist.xml; path = Info.plist; sourceTree = "<group>"; };
		3F861AEB27150CDE00FC7373 /* Meli1Tests.xctest */ = {isa = PBXFileReference; explicitFileType = wrapper.cfbundle; includeInIndex = 0; path = Meli1Tests.xctest; sourceTree = BUILT_PRODUCTS_DIR; };
		3F861AF127150CDE00FC7373 /* Info.plist */ = {isa = PBXFileReference; lastKnownFileType = text.plist.xml; path = Info.plist; sourceTree = "<group>"; };
		3F861B092715135300FC7373 /* Service.swift */ = {isa = PBXFileReference; lastKnownFileType = sourcecode.swift; path = Service.swift; sourceTree = "<group>"; };
		3F861B0C27152BAB00FC7373 /* ResultModel.swift */ = {isa = PBXFileReference; lastKnownFileType = sourcecode.swift; path = ResultModel.swift; sourceTree = "<group>"; };
		3F861B0F2715E30000FC7373 /* ProductsViewModel.swift */ = {isa = PBXFileReference; lastKnownFileType = sourcecode.swift; path = ProductsViewModel.swift; sourceTree = "<group>"; };
		3F861B142716175500FC7373 /* SearchProductProvider.swift */ = {isa = PBXFileReference; lastKnownFileType = sourcecode.swift; path = SearchProductProvider.swift; sourceTree = "<group>"; };
		3F861B1627161DE600FC7373 /* SceneDelegate.swift */ = {isa = PBXFileReference; fileEncoding = 4; lastKnownFileType = sourcecode.swift; path = SceneDelegate.swift; sourceTree = "<group>"; };
		3F861B192716248400FC7373 /* ProductsMock.json */ = {isa = PBXFileReference; fileEncoding = 4; lastKnownFileType = text.json; path = ProductsMock.json; sourceTree = "<group>"; };
		3F861B1B2716491100FC7373 /* ProductListCell.swift */ = {isa = PBXFileReference; lastKnownFileType = sourcecode.swift; path = ProductListCell.swift; sourceTree = "<group>"; };
		3F861B1C2716491200FC7373 /* ProductListCell.xib */ = {isa = PBXFileReference; lastKnownFileType = file.xib; path = ProductListCell.xib; sourceTree = "<group>"; };
		43E4DC018F1F0073648A8B91 /* Pods_Meli1Tests.framework */ = {isa = PBXFileReference; explicitFileType = wrapper.framework; includeInIndex = 0; path = Pods_Meli1Tests.framework; sourceTree = BUILT_PRODUCTS_DIR; };
		49888CB4B5DE0E85506F2D27 /* Pods-Meli1.debug.xcconfig */ = {isa = PBXFileReference; includeInIndex = 1; lastKnownFileType = text.xcconfig; name = "Pods-Meli1.debug.xcconfig"; path = "Target Support Files/Pods-Meli1/Pods-Meli1.debug.xcconfig"; sourceTree = "<group>"; };
		4DC541E7B43EABE24A0E83E0 /* Pods-Meli1Tests.debug.xcconfig */ = {isa = PBXFileReference; includeInIndex = 1; lastKnownFileType = text.xcconfig; name = "Pods-Meli1Tests.debug.xcconfig"; path = "Target Support Files/Pods-Meli1Tests/Pods-Meli1Tests.debug.xcconfig"; sourceTree = "<group>"; };
		CDCCAD194B4D7845D0BAA1FC /* Pods_Meli1_Meli1UITests.framework */ = {isa = PBXFileReference; explicitFileType = wrapper.framework; includeInIndex = 0; path = Pods_Meli1_Meli1UITests.framework; sourceTree = BUILT_PRODUCTS_DIR; };
		DF02A15E69950EA9CC4ECDF9 /* Pods-Meli1Tests.release.xcconfig */ = {isa = PBXFileReference; includeInIndex = 1; lastKnownFileType = text.xcconfig; name = "Pods-Meli1Tests.release.xcconfig"; path = "Target Support Files/Pods-Meli1Tests/Pods-Meli1Tests.release.xcconfig"; sourceTree = "<group>"; };
		FEAE520ECE2D451ABFE78BE8 /* Pods_Meli1.framework */ = {isa = PBXFileReference; explicitFileType = wrapper.framework; includeInIndex = 0; path = Pods_Meli1.framework; sourceTree = BUILT_PRODUCTS_DIR; };
/* End PBXFileReference section */

/* Begin PBXFrameworksBuildPhase section */
		3F861AD227150CD200FC7373 /* Frameworks */ = {
			isa = PBXFrameworksBuildPhase;
			buildActionMask = 2147483647;
			files = (
				35C9D1DBC9B0FE1A06BE9F06 /* Pods_Meli1.framework in Frameworks */,
			);
			runOnlyForDeploymentPostprocessing = 0;
		};
		3F861AE827150CDE00FC7373 /* Frameworks */ = {
			isa = PBXFrameworksBuildPhase;
			buildActionMask = 2147483647;
			files = (
				9927E303EFBA0AAFB77881AC /* Pods_Meli1Tests.framework in Frameworks */,
			);
			runOnlyForDeploymentPostprocessing = 0;
		};
/* End PBXFrameworksBuildPhase section */

/* Begin PBXGroup section */
		30DF27E24E72219EE690BA44 /* Frameworks */ = {
			isa = PBXGroup;
			children = (
				FEAE520ECE2D451ABFE78BE8 /* Pods_Meli1.framework */,
				CDCCAD194B4D7845D0BAA1FC /* Pods_Meli1_Meli1UITests.framework */,
				43E4DC018F1F0073648A8B91 /* Pods_Meli1Tests.framework */,
			);
			name = Frameworks;
			sourceTree = "<group>";
		};
		3F3EACE12718F352001AC352 /* Extensions */ = {
			isa = PBXGroup;
			children = (
				3F3EACE22718F386001AC352 /* Int+extension.swift */,
				3F3EACE5271CA183001AC352 /* UIApplication+extension.swift */,
				3F3EACE7271CB074001AC352 /* UIViewController+extension.swift */,
			);
			path = Extensions;
			sourceTree = "<group>";
		};
		3F3EACE4271A41FD001AC352 /* ProductCell */ = {
			isa = PBXGroup;
			children = (
				3F861B1B2716491100FC7373 /* ProductListCell.swift */,
				3F861B1C2716491200FC7373 /* ProductListCell.xib */,
			);
			path = ProductCell;
			sourceTree = "<group>";
		};
		3F727B9327B4B2EC00816E3B /* ProductDetail */ = {
			isa = PBXGroup;
			children = (
				3F727B9427B4B31900816E3B /* Mock */,
				3F727B9527B4B32900816E3B /* Provider */,
				3F727B9827B4B39600816E3B /* Model */,
				3F727B9627B4B35A00816E3B /* View */,
				3F727B9727B4B37700816E3B /* ViewModel */,
			);
			path = ProductDetail;
			sourceTree = "<group>";
		};
		3F727B9427B4B31900816E3B /* Mock */ = {
			isa = PBXGroup;
			children = (
				3F727BBE27B616ED00816E3B /* ProductDetailMock.json */,
			);
			path = Mock;
			sourceTree = "<group>";
		};
		3F727B9527B4B32900816E3B /* Provider */ = {
			isa = PBXGroup;
			children = (
				3F727B9927B4B4C100816E3B /* ProductDetailProvider.swift */,
				3F727BC027B6174900816E3B /* ProductDetailProviderMock.swift */,
			);
			path = Provider;
			sourceTree = "<group>";
		};
		3F727B9627B4B35A00816E3B /* View */ = {
			isa = PBXGroup;
			children = (
				3F3EACDF2718E36B001AC352 /* ProductDetailViewController.swift */,
				3F727B9F27B54B0700816E3B /* ProductDetailCells */,
			);
			path = View;
			sourceTree = "<group>";
		};
		3F727B9727B4B37700816E3B /* ViewModel */ = {
			isa = PBXGroup;
			children = (
				3F727B9D27B4BCF700816E3B /* ProductDetailViewModel.swift */,
			);
			path = ViewModel;
			sourceTree = "<group>";
		};
		3F727B9827B4B39600816E3B /* Model */ = {
			isa = PBXGroup;
			children = (
				3F727B9B27B4B80100816E3B /* ProductDetailModel.swift */,
			);
			path = Model;
			sourceTree = "<group>";
		};
		3F727B9F27B54B0700816E3B /* ProductDetailCells */ = {
			isa = PBXGroup;
			children = (
				3F727BAC27B58AA500816E3B /* TitleAndPicturesCell */,
				3F727BAD27B58AC900816E3B /* PriceandShippingCell */,
				3F727BB227B5B30E00816E3B /* BuyButtonsCell */,
				3F727BB727B5C97700816E3B /* ProductInformationCell */,
			);
			path = ProductDetailCells;
			sourceTree = "<group>";
		};
		3F727BAC27B58AA500816E3B /* TitleAndPicturesCell */ = {
			isa = PBXGroup;
			children = (
				3F727BA027B54B9D00816E3B /* TitleAndPicturesCell.swift */,
				3F727BA127B54B9D00816E3B /* TitleAndPicturesCell.xib */,
				3F727BA427B552D400816E3B /* ProductImagesCell.swift */,
				3F727BA527B552D400816E3B /* ProductImagesCell.xib */,
			);
			path = TitleAndPicturesCell;
			sourceTree = "<group>";
		};
		3F727BAD27B58AC900816E3B /* PriceandShippingCell */ = {
			isa = PBXGroup;
			children = (
				3F727BAE27B58B1100816E3B /* PriceAndShippingCell.swift */,
				3F727BAF27B58B1100816E3B /* PriceAndShippingCell.xib */,
			);
			path = PriceandShippingCell;
			sourceTree = "<group>";
		};
		3F727BB227B5B30E00816E3B /* BuyButtonsCell */ = {
			isa = PBXGroup;
			children = (
				3F727BB327B5B37400816E3B /* BuyButtonCell.swift */,
				3F727BB427B5B37400816E3B /* BuyButtonCell.xib */,
			);
			path = BuyButtonsCell;
			sourceTree = "<group>";
		};
		3F727BB727B5C97700816E3B /* ProductInformationCell */ = {
			isa = PBXGroup;
			children = (
				3F727B8F27B1E43400816E3B /* AttributesTableViewCell.swift */,
				3F727B9027B1E43400816E3B /* AttributesTableViewCell.xib */,
				3F727BB827B5CA5600816E3B /* ProductInformationCell.swift */,
				3F727BB927B5CA5600816E3B /* ProductInformationCell.xib */,
			);
			path = ProductInformationCell;
			sourceTree = "<group>";
		};
		3F72B7E6271F92A800A95349 /* Models */ = {
			isa = PBXGroup;
			children = (
				3F861B0C27152BAB00FC7373 /* ResultModel.swift */,
				3F3EACE9271CCE77001AC352 /* RequestErrorModel.swift */,
			);
			path = Models;
			sourceTree = "<group>";
		};
		3F861ACC27150CD200FC7373 = {
			isa = PBXGroup;
			children = (
				3F861AD727150CD200FC7373 /* Meli1 */,
				3F861AEE27150CDE00FC7373 /* Meli1Tests */,
				3F861AD627150CD200FC7373 /* Products */,
				93C9633E30FD1D9AEE2E55A0 /* Pods */,
				30DF27E24E72219EE690BA44 /* Frameworks */,
			);
			sourceTree = "<group>";
		};
		3F861AD627150CD200FC7373 /* Products */ = {
			isa = PBXGroup;
			children = (
				3F861AD527150CD200FC7373 /* Meli1.app */,
				3F861AEB27150CDE00FC7373 /* Meli1Tests.xctest */,
			);
			name = Products;
			sourceTree = "<group>";
		};
		3F861AD727150CD200FC7373 /* Meli1 */ = {
			isa = PBXGroup;
			children = (
				3F727B9327B4B2EC00816E3B /* ProductDetail */,
				3F861B11271616C800FC7373 /* SearchProducts */,
				3F861B082715132300FC7373 /* Service  */,
				3F3EACE12718F352001AC352 /* Extensions */,
				3F861AD827150CD200FC7373 /* AppDelegate.swift */,
				3F861B1627161DE600FC7373 /* SceneDelegate.swift */,
				3F861ADE27150CD200FC7373 /* Main.storyboard */,
				3F861AE127150CDD00FC7373 /* Assets.xcassets */,
				3F861AE327150CDD00FC7373 /* LaunchScreen.storyboard */,
				3F861AE627150CDD00FC7373 /* Info.plist */,
			);
			path = Meli1;
			sourceTree = "<group>";
		};
		3F861AEE27150CDE00FC7373 /* Meli1Tests */ = {
			isa = PBXGroup;
			children = (
				3F861AF127150CDE00FC7373 /* Info.plist */,
				3F3EACDC27178EF3001AC352 /* SearchProductTests.swift */,
				3F727BBC27B612D300816E3B /* GetProductDetailTests.swift */,
			);
			path = Meli1Tests;
			sourceTree = "<group>";
		};
		3F861B082715132300FC7373 /* Service  */ = {
			isa = PBXGroup;
			children = (
				3F72B7E6271F92A800A95349 /* Models */,
				3F861B092715135300FC7373 /* Service.swift */,
			);
			path = "Service ";
			sourceTree = "<group>";
		};
		3F861B0B27152B8D00FC7373 /* Model */ = {
			isa = PBXGroup;
			children = (
				3F72B7E7271F92D100A95349 /* ProductModel.swift */,
			);
			path = Model;
			sourceTree = "<group>";
		};
		3F861B0E2715E2C900FC7373 /* ViewModel */ = {
			isa = PBXGroup;
			children = (
				3F861B0F2715E30000FC7373 /* ProductsViewModel.swift */,
			);
			path = ViewModel;
			sourceTree = "<group>";
		};
		3F861B11271616C800FC7373 /* SearchProducts */ = {
			isa = PBXGroup;
			children = (
				3F861B182716246A00FC7373 /* Mock */,
				3F861B132716173400FC7373 /* Provider */,
				3F861B0B27152B8D00FC7373 /* Model */,
				3F861B12271616FD00FC7373 /* View */,
				3F861B0E2715E2C900FC7373 /* ViewModel */,
			);
			path = SearchProducts;
			sourceTree = "<group>";
		};
		3F861B12271616FD00FC7373 /* View */ = {
			isa = PBXGroup;
			children = (
				3F3EACE4271A41FD001AC352 /* ProductCell */,
				3F861ADC27150CD200FC7373 /* ProductsListViewController.swift */,
			);
			path = View;
			sourceTree = "<group>";
		};
		3F861B132716173400FC7373 /* Provider */ = {
			isa = PBXGroup;
			children = (
				3F861B142716175500FC7373 /* SearchProductProvider.swift */,
			);
			path = Provider;
			sourceTree = "<group>";
		};
		3F861B182716246A00FC7373 /* Mock */ = {
			isa = PBXGroup;
			children = (
				3F861B192716248400FC7373 /* ProductsMock.json */,
			);
			path = Mock;
			sourceTree = "<group>";
		};
		93C9633E30FD1D9AEE2E55A0 /* Pods */ = {
			isa = PBXGroup;
			children = (
				49888CB4B5DE0E85506F2D27 /* Pods-Meli1.debug.xcconfig */,
				1000BAC586F197D083279286 /* Pods-Meli1.release.xcconfig */,
				3B0AE5424F277ABC7C94EAFD /* Pods-Meli1-Meli1UITests.debug.xcconfig */,
				0730F400BD04DF6CCE2CCC4E /* Pods-Meli1-Meli1UITests.release.xcconfig */,
				4DC541E7B43EABE24A0E83E0 /* Pods-Meli1Tests.debug.xcconfig */,
				DF02A15E69950EA9CC4ECDF9 /* Pods-Meli1Tests.release.xcconfig */,
			);
			path = Pods;
			sourceTree = "<group>";
		};
/* End PBXGroup section */

/* Begin PBXNativeTarget section */
		3F861AD427150CD200FC7373 /* Meli1 */ = {
			isa = PBXNativeTarget;
			buildConfigurationList = 3F861AFF27150CDE00FC7373 /* Build configuration list for PBXNativeTarget "Meli1" */;
			buildPhases = (
				C82FB7A4F5C5A8E644A955B6 /* [CP] Check Pods Manifest.lock */,
				3F861AD127150CD200FC7373 /* Sources */,
				3F861AD227150CD200FC7373 /* Frameworks */,
				3F861AD327150CD200FC7373 /* Resources */,
				D18A01F8D450AB695CCE526D /* [CP] Embed Pods Frameworks */,
			);
			buildRules = (
			);
			dependencies = (
			);
			name = Meli1;
			productName = Meli1;
			productReference = 3F861AD527150CD200FC7373 /* Meli1.app */;
			productType = "com.apple.product-type.application";
		};
		3F861AEA27150CDE00FC7373 /* Meli1Tests */ = {
			isa = PBXNativeTarget;
			buildConfigurationList = 3F861B0227150CDE00FC7373 /* Build configuration list for PBXNativeTarget "Meli1Tests" */;
			buildPhases = (
				2751C201EDB33E7B4AABE970 /* [CP] Check Pods Manifest.lock */,
				3F861AE727150CDE00FC7373 /* Sources */,
				3F861AE827150CDE00FC7373 /* Frameworks */,
				3F861AE927150CDE00FC7373 /* Resources */,
			);
			buildRules = (
			);
			dependencies = (
				3F861AED27150CDE00FC7373 /* PBXTargetDependency */,
			);
			name = Meli1Tests;
			productName = Meli1Tests;
			productReference = 3F861AEB27150CDE00FC7373 /* Meli1Tests.xctest */;
			productType = "com.apple.product-type.bundle.unit-test";
		};
/* End PBXNativeTarget section */

/* Begin PBXProject section */
		3F861ACD27150CD200FC7373 /* Project object */ = {
			isa = PBXProject;
			attributes = {
				LastSwiftUpdateCheck = 1250;
				LastUpgradeCheck = 1250;
				TargetAttributes = {
					3F861AD427150CD200FC7373 = {
						CreatedOnToolsVersion = 12.5;
					};
					3F861AEA27150CDE00FC7373 = {
						CreatedOnToolsVersion = 12.5;
						LastSwiftMigration = 1250;
						TestTargetID = 3F861AD427150CD200FC7373;
					};
				};
			};
			buildConfigurationList = 3F861AD027150CD200FC7373 /* Build configuration list for PBXProject "Meli1" */;
			compatibilityVersion = "Xcode 9.3";
			developmentRegion = en;
			hasScannedForEncodings = 0;
			knownRegions = (
				en,
				Base,
			);
			mainGroup = 3F861ACC27150CD200FC7373;
			productRefGroup = 3F861AD627150CD200FC7373 /* Products */;
			projectDirPath = "";
			projectRoot = "";
			targets = (
				3F861AD427150CD200FC7373 /* Meli1 */,
				3F861AEA27150CDE00FC7373 /* Meli1Tests */,
			);
		};
/* End PBXProject section */

/* Begin PBXResourcesBuildPhase section */
		3F861AD327150CD200FC7373 /* Resources */ = {
			isa = PBXResourcesBuildPhase;
			buildActionMask = 2147483647;
			files = (
				3F727BB127B58B1100816E3B /* PriceAndShippingCell.xib in Resources */,
				3F727BA327B54B9D00816E3B /* TitleAndPicturesCell.xib in Resources */,
				3F727BB627B5B37400816E3B /* BuyButtonCell.xib in Resources */,
				3F861AE527150CDD00FC7373 /* LaunchScreen.storyboard in Resources */,
				3F727BBB27B5CA5600816E3B /* ProductInformationCell.xib in Resources */,
				3F861B1E2716491200FC7373 /* ProductListCell.xib in Resources */,
				3F727B9227B1E43400816E3B /* AttributesTableViewCell.xib in Resources */,
				3F861AE227150CDD00FC7373 /* Assets.xcassets in Resources */,
				3F727BA727B552D400816E3B /* ProductImagesCell.xib in Resources */,
				3F861AE027150CD200FC7373 /* Main.storyboard in Resources */,
				3F861B1A2716248400FC7373 /* ProductsMock.json in Resources */,
				3F727BBF27B616ED00816E3B /* ProductDetailMock.json in Resources */,
			);
			runOnlyForDeploymentPostprocessing = 0;
		};
		3F861AE927150CDE00FC7373 /* Resources */ = {
			isa = PBXResourcesBuildPhase;
			buildActionMask = 2147483647;
			files = (
			);
			runOnlyForDeploymentPostprocessing = 0;
		};
/* End PBXResourcesBuildPhase section */

/* Begin PBXShellScriptBuildPhase section */
		2751C201EDB33E7B4AABE970 /* [CP] Check Pods Manifest.lock */ = {
			isa = PBXShellScriptBuildPhase;
			buildActionMask = 2147483647;
			files = (
			);
			inputFileListPaths = (
			);
			inputPaths = (
				"${PODS_PODFILE_DIR_PATH}/Podfile.lock",
				"${PODS_ROOT}/Manifest.lock",
			);
			name = "[CP] Check Pods Manifest.lock";
			outputFileListPaths = (
			);
			outputPaths = (
				"$(DERIVED_FILE_DIR)/Pods-Meli1Tests-checkManifestLockResult.txt",
			);
			runOnlyForDeploymentPostprocessing = 0;
			shellPath = /bin/sh;
			shellScript = "diff \"${PODS_PODFILE_DIR_PATH}/Podfile.lock\" \"${PODS_ROOT}/Manifest.lock\" > /dev/null\nif [ $? != 0 ] ; then\n    # print error to STDERR\n    echo \"error: The sandbox is not in sync with the Podfile.lock. Run 'pod install' or update your CocoaPods installation.\" >&2\n    exit 1\nfi\n# This output is used by Xcode 'outputs' to avoid re-running this script phase.\necho \"SUCCESS\" > \"${SCRIPT_OUTPUT_FILE_0}\"\n";
			showEnvVarsInLog = 0;
		};
		C82FB7A4F5C5A8E644A955B6 /* [CP] Check Pods Manifest.lock */ = {
			isa = PBXShellScriptBuildPhase;
			buildActionMask = 2147483647;
			files = (
			);
			inputFileListPaths = (
			);
			inputPaths = (
				"${PODS_PODFILE_DIR_PATH}/Podfile.lock",
				"${PODS_ROOT}/Manifest.lock",
			);
			name = "[CP] Check Pods Manifest.lock";
			outputFileListPaths = (
			);
			outputPaths = (
				"$(DERIVED_FILE_DIR)/Pods-Meli1-checkManifestLockResult.txt",
			);
			runOnlyForDeploymentPostprocessing = 0;
			shellPath = /bin/sh;
			shellScript = "diff \"${PODS_PODFILE_DIR_PATH}/Podfile.lock\" \"${PODS_ROOT}/Manifest.lock\" > /dev/null\nif [ $? != 0 ] ; then\n    # print error to STDERR\n    echo \"error: The sandbox is not in sync with the Podfile.lock. Run 'pod install' or update your CocoaPods installation.\" >&2\n    exit 1\nfi\n# This output is used by Xcode 'outputs' to avoid re-running this script phase.\necho \"SUCCESS\" > \"${SCRIPT_OUTPUT_FILE_0}\"\n";
			showEnvVarsInLog = 0;
		};
		D18A01F8D450AB695CCE526D /* [CP] Embed Pods Frameworks */ = {
			isa = PBXShellScriptBuildPhase;
			buildActionMask = 2147483647;
			files = (
			);
			inputFileListPaths = (
				"${PODS_ROOT}/Target Support Files/Pods-Meli1/Pods-Meli1-frameworks-${CONFIGURATION}-input-files.xcfilelist",
			);
			name = "[CP] Embed Pods Frameworks";
			outputFileListPaths = (
				"${PODS_ROOT}/Target Support Files/Pods-Meli1/Pods-Meli1-frameworks-${CONFIGURATION}-output-files.xcfilelist",
			);
			runOnlyForDeploymentPostprocessing = 0;
			shellPath = /bin/sh;
			shellScript = "\"${PODS_ROOT}/Target Support Files/Pods-Meli1/Pods-Meli1-frameworks.sh\"\n";
			showEnvVarsInLog = 0;
		};
/* End PBXShellScriptBuildPhase section */

/* Begin PBXSourcesBuildPhase section */
		3F861AD127150CD200FC7373 /* Sources */ = {
			isa = PBXSourcesBuildPhase;
			buildActionMask = 2147483647;
			files = (
				3F861B102715E30000FC7373 /* ProductsViewModel.swift in Sources */,
				3F861B1727161DE600FC7373 /* SceneDelegate.swift in Sources */,
				3F727B9127B1E43400816E3B /* AttributesTableViewCell.swift in Sources */,
				3F3EACE02718E36B001AC352 /* ProductDetailViewController.swift in Sources */,
				3F861ADD27150CD200FC7373 /* ProductsListViewController.swift in Sources */,
				3F727B9A27B4B4C100816E3B /* ProductDetailProvider.swift in Sources */,
				3F3EACE6271CA184001AC352 /* UIApplication+extension.swift in Sources */,
				3F72B7E8271F92D100A95349 /* ProductModel.swift in Sources */,
				3F727BB527B5B37400816E3B /* BuyButtonCell.swift in Sources */,
				3F727BB027B58B1100816E3B /* PriceAndShippingCell.swift in Sources */,
				3F861B0A2715135300FC7373 /* Service.swift in Sources */,
				3F727BC127B6174900816E3B /* ProductDetailProviderMock.swift in Sources */,
				3F727BA627B552D400816E3B /* ProductImagesCell.swift in Sources */,
				3F861AD927150CD200FC7373 /* AppDelegate.swift in Sources */,
				3F861B1D2716491200FC7373 /* ProductListCell.swift in Sources */,
				3F3EACE8271CB074001AC352 /* UIViewController+extension.swift in Sources */,
				3F3EACEA271CCE77001AC352 /* RequestErrorModel.swift in Sources */,
				3F727B9C27B4B80100816E3B /* ProductDetailModel.swift in Sources */,
				3F727BA227B54B9D00816E3B /* TitleAndPicturesCell.swift in Sources */,
				3F3EACE32718F386001AC352 /* Int+extension.swift in Sources */,
				3F727BBA27B5CA5600816E3B /* ProductInformationCell.swift in Sources */,
				3F861B152716175600FC7373 /* SearchProductProvider.swift in Sources */,
				3F861B0D27152BAB00FC7373 /* ResultModel.swift in Sources */,
				3F727B9E27B4BCF700816E3B /* ProductDetailViewModel.swift in Sources */,
			);
			runOnlyForDeploymentPostprocessing = 0;
		};
		3F861AE727150CDE00FC7373 /* Sources */ = {
			isa = PBXSourcesBuildPhase;
			buildActionMask = 2147483647;
			files = (
				3F3EACDD27178EF3001AC352 /* SearchProductTests.swift in Sources */,
				3F727BBD27B612D400816E3B /* GetProductDetailTests.swift in Sources */,
			);
			runOnlyForDeploymentPostprocessing = 0;
		};
/* End PBXSourcesBuildPhase section */

/* Begin PBXTargetDependency section */
		3F861AED27150CDE00FC7373 /* PBXTargetDependency */ = {
			isa = PBXTargetDependency;
			target = 3F861AD427150CD200FC7373 /* Meli1 */;
			targetProxy = 3F861AEC27150CDE00FC7373 /* PBXContainerItemProxy */;
		};
/* End PBXTargetDependency section */

/* Begin PBXVariantGroup section */
		3F861ADE27150CD200FC7373 /* Main.storyboard */ = {
			isa = PBXVariantGroup;
			children = (
				3F861ADF27150CD200FC7373 /* Base */,
			);
			name = Main.storyboard;
			sourceTree = "<group>";
		};
		3F861AE327150CDD00FC7373 /* LaunchScreen.storyboard */ = {
			isa = PBXVariantGroup;
			children = (
				3F861AE427150CDD00FC7373 /* Base */,
			);
			name = LaunchScreen.storyboard;
			sourceTree = "<group>";
		};
/* End PBXVariantGroup section */

/* Begin XCBuildConfiguration section */
		3F861AFD27150CDE00FC7373 /* Debug */ = {
			isa = XCBuildConfiguration;
			buildSettings = {
				ALWAYS_SEARCH_USER_PATHS = NO;
				CLANG_ANALYZER_NONNULL = YES;
				CLANG_ANALYZER_NUMBER_OBJECT_CONVERSION = YES_AGGRESSIVE;
				CLANG_CXX_LANGUAGE_STANDARD = "gnu++14";
				CLANG_CXX_LIBRARY = "libc++";
				CLANG_ENABLE_MODULES = YES;
				CLANG_ENABLE_OBJC_ARC = YES;
				CLANG_ENABLE_OBJC_WEAK = YES;
				CLANG_WARN_BLOCK_CAPTURE_AUTORELEASING = YES;
				CLANG_WARN_BOOL_CONVERSION = YES;
				CLANG_WARN_COMMA = YES;
				CLANG_WARN_CONSTANT_CONVERSION = YES;
				CLANG_WARN_DEPRECATED_OBJC_IMPLEMENTATIONS = YES;
				CLANG_WARN_DIRECT_OBJC_ISA_USAGE = YES_ERROR;
				CLANG_WARN_DOCUMENTATION_COMMENTS = YES;
				CLANG_WARN_EMPTY_BODY = YES;
				CLANG_WARN_ENUM_CONVERSION = YES;
				CLANG_WARN_INFINITE_RECURSION = YES;
				CLANG_WARN_INT_CONVERSION = YES;
				CLANG_WARN_NON_LITERAL_NULL_CONVERSION = YES;
				CLANG_WARN_OBJC_IMPLICIT_RETAIN_SELF = YES;
				CLANG_WARN_OBJC_LITERAL_CONVERSION = YES;
				CLANG_WARN_OBJC_ROOT_CLASS = YES_ERROR;
				CLANG_WARN_QUOTED_INCLUDE_IN_FRAMEWORK_HEADER = YES;
				CLANG_WARN_RANGE_LOOP_ANALYSIS = YES;
				CLANG_WARN_STRICT_PROTOTYPES = YES;
				CLANG_WARN_SUSPICIOUS_MOVE = YES;
				CLANG_WARN_UNGUARDED_AVAILABILITY = YES_AGGRESSIVE;
				CLANG_WARN_UNREACHABLE_CODE = YES;
				CLANG_WARN__DUPLICATE_METHOD_MATCH = YES;
				COPY_PHASE_STRIP = NO;
				DEBUG_INFORMATION_FORMAT = dwarf;
				ENABLE_STRICT_OBJC_MSGSEND = YES;
				ENABLE_TESTABILITY = YES;
				GCC_C_LANGUAGE_STANDARD = gnu11;
				GCC_DYNAMIC_NO_PIC = NO;
				GCC_NO_COMMON_BLOCKS = YES;
				GCC_OPTIMIZATION_LEVEL = 0;
				GCC_PREPROCESSOR_DEFINITIONS = (
					"DEBUG=1",
					"$(inherited)",
				);
				GCC_WARN_64_TO_32_BIT_CONVERSION = YES;
				GCC_WARN_ABOUT_RETURN_TYPE = YES_ERROR;
				GCC_WARN_UNDECLARED_SELECTOR = YES;
				GCC_WARN_UNINITIALIZED_AUTOS = YES_AGGRESSIVE;
				GCC_WARN_UNUSED_FUNCTION = YES;
				GCC_WARN_UNUSED_VARIABLE = YES;
				IPHONEOS_DEPLOYMENT_TARGET = 14.5;
				MTL_ENABLE_DEBUG_INFO = INCLUDE_SOURCE;
				MTL_FAST_MATH = YES;
				ONLY_ACTIVE_ARCH = YES;
				SDKROOT = iphoneos;
				SWIFT_ACTIVE_COMPILATION_CONDITIONS = DEBUG;
				SWIFT_OPTIMIZATION_LEVEL = "-Onone";
			};
			name = Debug;
		};
		3F861AFE27150CDE00FC7373 /* Release */ = {
			isa = XCBuildConfiguration;
			buildSettings = {
				ALWAYS_SEARCH_USER_PATHS = NO;
				CLANG_ANALYZER_NONNULL = YES;
				CLANG_ANALYZER_NUMBER_OBJECT_CONVERSION = YES_AGGRESSIVE;
				CLANG_CXX_LANGUAGE_STANDARD = "gnu++14";
				CLANG_CXX_LIBRARY = "libc++";
				CLANG_ENABLE_MODULES = YES;
				CLANG_ENABLE_OBJC_ARC = YES;
				CLANG_ENABLE_OBJC_WEAK = YES;
				CLANG_WARN_BLOCK_CAPTURE_AUTORELEASING = YES;
				CLANG_WARN_BOOL_CONVERSION = YES;
				CLANG_WARN_COMMA = YES;
				CLANG_WARN_CONSTANT_CONVERSION = YES;
				CLANG_WARN_DEPRECATED_OBJC_IMPLEMENTATIONS = YES;
				CLANG_WARN_DIRECT_OBJC_ISA_USAGE = YES_ERROR;
				CLANG_WARN_DOCUMENTATION_COMMENTS = YES;
				CLANG_WARN_EMPTY_BODY = YES;
				CLANG_WARN_ENUM_CONVERSION = YES;
				CLANG_WARN_INFINITE_RECURSION = YES;
				CLANG_WARN_INT_CONVERSION = YES;
				CLANG_WARN_NON_LITERAL_NULL_CONVERSION = YES;
				CLANG_WARN_OBJC_IMPLICIT_RETAIN_SELF = YES;
				CLANG_WARN_OBJC_LITERAL_CONVERSION = YES;
				CLANG_WARN_OBJC_ROOT_CLASS = YES_ERROR;
				CLANG_WARN_QUOTED_INCLUDE_IN_FRAMEWORK_HEADER = YES;
				CLANG_WARN_RANGE_LOOP_ANALYSIS = YES;
				CLANG_WARN_STRICT_PROTOTYPES = YES;
				CLANG_WARN_SUSPICIOUS_MOVE = YES;
				CLANG_WARN_UNGUARDED_AVAILABILITY = YES_AGGRESSIVE;
				CLANG_WARN_UNREACHABLE_CODE = YES;
				CLANG_WARN__DUPLICATE_METHOD_MATCH = YES;
				COPY_PHASE_STRIP = NO;
				DEBUG_INFORMATION_FORMAT = "dwarf-with-dsym";
				ENABLE_NS_ASSERTIONS = NO;
				ENABLE_STRICT_OBJC_MSGSEND = YES;
				GCC_C_LANGUAGE_STANDARD = gnu11;
				GCC_NO_COMMON_BLOCKS = YES;
				GCC_WARN_64_TO_32_BIT_CONVERSION = YES;
				GCC_WARN_ABOUT_RETURN_TYPE = YES_ERROR;
				GCC_WARN_UNDECLARED_SELECTOR = YES;
				GCC_WARN_UNINITIALIZED_AUTOS = YES_AGGRESSIVE;
				GCC_WARN_UNUSED_FUNCTION = YES;
				GCC_WARN_UNUSED_VARIABLE = YES;
				IPHONEOS_DEPLOYMENT_TARGET = 14.5;
				MTL_ENABLE_DEBUG_INFO = NO;
				MTL_FAST_MATH = YES;
				SDKROOT = iphoneos;
				SWIFT_COMPILATION_MODE = wholemodule;
				SWIFT_OPTIMIZATION_LEVEL = "-O";
				VALIDATE_PRODUCT = YES;
			};
			name = Release;
		};
		3F861B0027150CDE00FC7373 /* Debug */ = {
			isa = XCBuildConfiguration;
			baseConfigurationReference = 49888CB4B5DE0E85506F2D27 /* Pods-Meli1.debug.xcconfig */;
			buildSettings = {
				ASSETCATALOG_COMPILER_APPICON_NAME = AppIcon;
				ASSETCATALOG_COMPILER_GLOBAL_ACCENT_COLOR_NAME = AccentColor;
				CODE_SIGN_STYLE = Automatic;
				DEVELOPMENT_TEAM = XM44G74FQ7;
				INFOPLIST_FILE = Meli1/Info.plist;
				LD_RUNPATH_SEARCH_PATHS = (
					"$(inherited)",
					"@executable_path/Frameworks",
				);
				PRODUCT_BUNDLE_IDENTIFIER = com.osCorp.MeLiChallenge;
				PRODUCT_NAME = "$(TARGET_NAME)";
				SWIFT_VERSION = 5.0;
				TARGETED_DEVICE_FAMILY = "1,2";
			};
			name = Debug;
		};
		3F861B0127150CDE00FC7373 /* Release */ = {
			isa = XCBuildConfiguration;
			baseConfigurationReference = 1000BAC586F197D083279286 /* Pods-Meli1.release.xcconfig */;
			buildSettings = {
				ASSETCATALOG_COMPILER_APPICON_NAME = AppIcon;
				ASSETCATALOG_COMPILER_GLOBAL_ACCENT_COLOR_NAME = AccentColor;
				CODE_SIGN_STYLE = Automatic;
				DEVELOPMENT_TEAM = XM44G74FQ7;
				INFOPLIST_FILE = Meli1/Info.plist;
				LD_RUNPATH_SEARCH_PATHS = (
					"$(inherited)",
					"@executable_path/Frameworks",
				);
				PRODUCT_BUNDLE_IDENTIFIER = com.osCorp.MeLiChallenge;
				PRODUCT_NAME = "$(TARGET_NAME)";
				SWIFT_VERSION = 5.0;
				TARGETED_DEVICE_FAMILY = "1,2";
			};
			name = Release;
		};
		3F861B0327150CDE00FC7373 /* Debug */ = {
			isa = XCBuildConfiguration;
			baseConfigurationReference = 4DC541E7B43EABE24A0E83E0 /* Pods-Meli1Tests.debug.xcconfig */;
			buildSettings = {
				ALWAYS_EMBED_SWIFT_STANDARD_LIBRARIES = YES;
				BUNDLE_LOADER = "$(TEST_HOST)";
				CLANG_ENABLE_MODULES = YES;
				CODE_SIGN_STYLE = Automatic;
				DEVELOPMENT_TEAM = XM44G74FQ7;
				INFOPLIST_FILE = Meli1Tests/Info.plist;
				IPHONEOS_DEPLOYMENT_TARGET = 14.5;
				LD_RUNPATH_SEARCH_PATHS = (
					"$(inherited)",
					"@executable_path/Frameworks",
					"@loader_path/Frameworks",
				);
				PRODUCT_BUNDLE_IDENTIFIER = com.osCorp.Meli1Tests;
				PRODUCT_NAME = "$(TARGET_NAME)";
				SWIFT_OBJC_BRIDGING_HEADER = "Meli1Tests/Meli1Tests-Bridging-Header.h";
				SWIFT_OPTIMIZATION_LEVEL = "-Onone";
				SWIFT_VERSION = 5.0;
				TARGETED_DEVICE_FAMILY = "1,2";
				TEST_HOST = "$(BUILT_PRODUCTS_DIR)/Meli1.app/Meli1";
			};
			name = Debug;
		};
		3F861B0427150CDE00FC7373 /* Release */ = {
			isa = XCBuildConfiguration;
			baseConfigurationReference = DF02A15E69950EA9CC4ECDF9 /* Pods-Meli1Tests.release.xcconfig */;
			buildSettings = {
				ALWAYS_EMBED_SWIFT_STANDARD_LIBRARIES = YES;
				BUNDLE_LOADER = "$(TEST_HOST)";
				CLANG_ENABLE_MODULES = YES;
				CODE_SIGN_STYLE = Automatic;
				DEVELOPMENT_TEAM = XM44G74FQ7;
				INFOPLIST_FILE = Meli1Tests/Info.plist;
				IPHONEOS_DEPLOYMENT_TARGET = 14.5;
				LD_RUNPATH_SEARCH_PATHS = (
					"$(inherited)",
					"@executable_path/Frameworks",
					"@loader_path/Frameworks",
				);
				PRODUCT_BUNDLE_IDENTIFIER = com.osCorp.Meli1Tests;
				PRODUCT_NAME = "$(TARGET_NAME)";
				SWIFT_OBJC_BRIDGING_HEADER = "Meli1Tests/Meli1Tests-Bridging-Header.h";
				SWIFT_VERSION = 5.0;
				TARGETED_DEVICE_FAMILY = "1,2";
				TEST_HOST = "$(BUILT_PRODUCTS_DIR)/Meli1.app/Meli1";
			};
			name = Release;
		};
/* End XCBuildConfiguration section */

/* Begin XCConfigurationList section */
		3F861AD027150CD200FC7373 /* Build configuration list for PBXProject "Meli1" */ = {
			isa = XCConfigurationList;
			buildConfigurations = (
				3F861AFD27150CDE00FC7373 /* Debug */,
				3F861AFE27150CDE00FC7373 /* Release */,
			);
			defaultConfigurationIsVisible = 0;
			defaultConfigurationName = Release;
		};
		3F861AFF27150CDE00FC7373 /* Build configuration list for PBXNativeTarget "Meli1" */ = {
			isa = XCConfigurationList;
			buildConfigurations = (
				3F861B0027150CDE00FC7373 /* Debug */,
				3F861B0127150CDE00FC7373 /* Release */,
			);
			defaultConfigurationIsVisible = 0;
			defaultConfigurationName = Release;
		};
		3F861B0227150CDE00FC7373 /* Build configuration list for PBXNativeTarget "Meli1Tests" */ = {
			isa = XCConfigurationList;
			buildConfigurations = (
				3F861B0327150CDE00FC7373 /* Debug */,
				3F861B0427150CDE00FC7373 /* Release */,
			);
			defaultConfigurationIsVisible = 0;
			defaultConfigurationName = Release;
		};
/* End XCConfigurationList section */
	};
	rootObject = 3F861ACD27150CD200FC7373 /* Project object */;
}
